
Microsoft Visual Studio Solution File, Format Version 12.00
# Visual Studio Version 17
VisualStudioVersion = 17.2.32317.152
MinimumVisualStudioVersion = 10.0.40219.1
Project("{9A19103F-16F7-4668-BE54-9A1E7A4F7556}") = "VaultManager", "VaultManager\VaultManager.csproj", "{3E05ED1C-01F4-4395-A101-4428478809C0}"
EndProject
Project("{9A19103F-16F7-4668-BE54-9A1E7A4F7556}") = "VaultTest", "VaultTest\VaultTest.csproj", "{DB5D349D-B6F8-4795-B4D8-E43CF68FD427}"
EndProject
Project("{9A19103F-16F7-4668-BE54-9A1E7A4F7556}") = "VaultManagerImple", "VaultManagerImple\VaultManagerImple.csproj", "{BE84A9E6-E3E4-4DD9-87E6-8FDDFCF52616}"
EndProject
Project("{9A19103F-16F7-4668-BE54-9A1E7A4F7556}") = "Ajiva.PasswordManager.Ui.Maui", "Ajiva.PasswordManager.Ui.Maui\Ajiva.PasswordManager.Ui.Maui.csproj", "{CEA18A43-5CA1-45C2-B45B-3BD43733E3E9}"
EndProject
Global
	GlobalSection(SolutionConfigurationPlatforms) = preSolution
		Debug|Any CPU = Debug|Any CPU
		Release|Any CPU = Release|Any CPU
	EndGlobalSection
	GlobalSection(ProjectConfigurationPlatforms) = postSolution
		{3E05ED1C-01F4-4395-A101-4428478809C0}.Debug|Any CPU.ActiveCfg = Debug|Any CPU
		{3E05ED1C-01F4-4395-A101-4428478809C0}.Debug|Any CPU.Build.0 = Debug|Any CPU
		{3E05ED1C-01F4-4395-A101-4428478809C0}.Release|Any CPU.ActiveCfg = Release|Any CPU
		{3E05ED1C-01F4-4395-A101-4428478809C0}.Release|Any CPU.Build.0 = Release|Any CPU
		{DB5D349D-B6F8-4795-B4D8-E43CF68FD427}.Debug|Any CPU.ActiveCfg = Debug|Any CPU
		{DB5D349D-B6F8-4795-B4D8-E43CF68FD427}.Debug|Any CPU.Build.0 = Debug|Any CPU
		{DB5D349D-B6F8-4795-B4D8-E43CF68FD427}.Release|Any CPU.ActiveCfg = Release|Any CPU
		{DB5D349D-B6F8-4795-B4D8-E43CF68FD427}.Release|Any CPU.Build.0 = Release|Any CPU
		{BE84A9E6-E3E4-4DD9-87E6-8FDDFCF52616}.Debug|Any CPU.ActiveCfg = Debug|Any CPU
		{BE84A9E6-E3E4-4DD9-87E6-8FDDFCF52616}.Debug|Any CPU.Build.0 = Debug|Any CPU
		{BE84A9E6-E3E4-4DD9-87E6-8FDDFCF52616}.Release|Any CPU.ActiveCfg = Release|Any CPU
		{BE84A9E6-E3E4-4DD9-87E6-8FDDFCF52616}.Release|Any CPU.Build.0 = Release|Any CPU
		{CEA18A43-5CA1-45C2-B45B-3BD43733E3E9}.Debug|Any CPU.ActiveCfg = Debug|Any CPU
		{CEA18A43-5CA1-45C2-B45B-3BD43733E3E9}.Debug|Any CPU.Build.0 = Debug|Any CPU
		{CEA18A43-5CA1-45C2-B45B-3BD43733E3E9}.Debug|Any CPU.Deploy.0 = Debug|Any CPU
		{CEA18A43-5CA1-45C2-B45B-3BD43733E3E9}.Release|Any CPU.ActiveCfg = Release|Any CPU
		{CEA18A43-5CA1-45C2-B45B-3BD43733E3E9}.Release|Any CPU.Build.0 = Release|Any CPU
		{CEA18A43-5CA1-45C2-B45B-3BD43733E3E9}.Release|Any CPU.Deploy.0 = Release|Any CPU
	EndGlobalSection
	GlobalSection(SolutionProperties) = preSolution
		HideSolutionNode = FALSE
	EndGlobalSection
	GlobalSection(ExtensibilityGlobals) = postSolution
		SolutionGuid = {3AB770DD-561A-46C2-9B6A-90889600AEE1}
	EndGlobalSection
EndGlobal
